
Microsoft Visual Studio Solution File, Format Version 12.00
Project("{FAE04EC0-301F-11D3-BF4B-00C04F79EFBC}") = "AuthTest", "AuthTest\AuthTest.csproj", "{30075A95-3738-4E6E-B27F-B79A44DEE260}"
EndProject
Project("{FAE04EC0-301F-11D3-BF4B-00C04F79EFBC}") = "Domain", "Domain\Domain.csproj", "{B403A03E-6E66-4638-801B-747A20EF3C27}"
EndProject
Global
	GlobalSection(SolutionConfigurationPlatforms) = preSolution
		Debug|Any CPU = Debug|Any CPU
		Release|Any CPU = Release|Any CPU
	EndGlobalSection
	GlobalSection(ProjectConfigurationPlatforms) = postSolution
		{30075A95-3738-4E6E-B27F-B79A44DEE260}.Debug|Any CPU.ActiveCfg = Debug|Any CPU
		{30075A95-3738-4E6E-B27F-B79A44DEE260}.Debug|Any CPU.Build.0 = Debug|Any CPU
		{30075A95-3738-4E6E-B27F-B79A44DEE260}.Release|Any CPU.ActiveCfg = Release|Any CPU
		{30075A95-3738-4E6E-B27F-B79A44DEE260}.Release|Any CPU.Build.0 = Release|Any CPU
		{B403A03E-6E66-4638-801B-747A20EF3C27}.Debug|Any CPU.ActiveCfg = Debug|Any CPU
		{B403A03E-6E66-4638-801B-747A20EF3C27}.Debug|Any CPU.Build.0 = Debug|Any CPU
		{B403A03E-6E66-4638-801B-747A20EF3C27}.Release|Any CPU.ActiveCfg = Release|Any CPU
		{B403A03E-6E66-4638-801B-747A20EF3C27}.Release|Any CPU.Build.0 = Release|Any CPU
	EndGlobalSection
EndGlobal
